
Microsoft Visual Studio Solution File, Format Version 12.00
# Visual Studio Version 16
VisualStudioVersion = 16.0.29001.49
MinimumVisualStudioVersion = 10.0.40219.1
Project("{FAE04EC0-301F-11D3-BF4B-00C04F79EFBC}") = "HW 2 - Greatest Common Divisor", "HW 2 - Greatest Common Divisor\HW 2 - Greatest Common Divisor.csproj", "{3C18E829-57B8-42E8-A426-E134D92F23D6}"
EndProject
Global
	GlobalSection(SolutionConfigurationPlatforms) = preSolution
		Debug|Any CPU = Debug|Any CPU
		Release|Any CPU = Release|Any CPU
	EndGlobalSection
	GlobalSection(ProjectConfigurationPlatforms) = postSolution
		{3C18E829-57B8-42E8-A426-E134D92F23D6}.Debug|Any CPU.ActiveCfg = Debug|Any CPU
		{3C18E829-57B8-42E8-A426-E134D92F23D6}.Debug|Any CPU.Build.0 = Debug|Any CPU
		{3C18E829-57B8-42E8-A426-E134D92F23D6}.Release|Any CPU.ActiveCfg = Release|Any CPU
		{3C18E829-57B8-42E8-A426-E134D92F23D6}.Release|Any CPU.Build.0 = Release|Any CPU
	EndGlobalSection
	GlobalSection(SolutionProperties) = preSolution
		HideSolutionNode = FALSE
	EndGlobalSection
	GlobalSection(ExtensibilityGlobals) = postSolution
		SolutionGuid = {BD725653-24AF-4876-963B-725DC557C69C}
	EndGlobalSection
EndGlobal
