
Microsoft Visual Studio Solution File, Format Version 12.00
# Visual Studio Version 16
VisualStudioVersion = 16.0.29001.49
MinimumVisualStudioVersion = 10.0.40219.1
Project("{FAE04EC0-301F-11D3-BF4B-00C04F79EFBC}") = "homework2", "homework2\homework2.csproj", "{AA42067A-2644-4172-B275-AD3E54D10B86}"
EndProject
Global
	GlobalSection(SolutionConfigurationPlatforms) = preSolution
		Debug|Any CPU = Debug|Any CPU
		Release|Any CPU = Release|Any CPU
	EndGlobalSection
	GlobalSection(ProjectConfigurationPlatforms) = postSolution
		{AA42067A-2644-4172-B275-AD3E54D10B86}.Debug|Any CPU.ActiveCfg = Debug|Any CPU
		{AA42067A-2644-4172-B275-AD3E54D10B86}.Debug|Any CPU.Build.0 = Debug|Any CPU
		{AA42067A-2644-4172-B275-AD3E54D10B86}.Release|Any CPU.ActiveCfg = Release|Any CPU
		{AA42067A-2644-4172-B275-AD3E54D10B86}.Release|Any CPU.Build.0 = Release|Any CPU
	EndGlobalSection
	GlobalSection(SolutionProperties) = preSolution
		HideSolutionNode = FALSE
	EndGlobalSection
	GlobalSection(ExtensibilityGlobals) = postSolution
		SolutionGuid = {4A741DF2-5982-4235-BB6F-CCB774473D0C}
	EndGlobalSection
EndGlobal
