
Microsoft Visual Studio Solution File, Format Version 12.00
# Visual Studio Version 16
VisualStudioVersion = 16.0.29001.49
MinimumVisualStudioVersion = 10.0.40219.1
Project("{FAE04EC0-301F-11D3-BF4B-00C04F79EFBC}") = "MontyHallGameShow", "MontyHallGameShow\MontyHallGameShow.csproj", "{6AF13B11-2925-4AD6-9E73-91CF6A416367}"
EndProject
Global
	GlobalSection(SolutionConfigurationPlatforms) = preSolution
		Debug|Any CPU = Debug|Any CPU
		Release|Any CPU = Release|Any CPU
	EndGlobalSection
	GlobalSection(ProjectConfigurationPlatforms) = postSolution
		{6AF13B11-2925-4AD6-9E73-91CF6A416367}.Debug|Any CPU.ActiveCfg = Debug|Any CPU
		{6AF13B11-2925-4AD6-9E73-91CF6A416367}.Debug|Any CPU.Build.0 = Debug|Any CPU
		{6AF13B11-2925-4AD6-9E73-91CF6A416367}.Release|Any CPU.ActiveCfg = Release|Any CPU
		{6AF13B11-2925-4AD6-9E73-91CF6A416367}.Release|Any CPU.Build.0 = Release|Any CPU
	EndGlobalSection
	GlobalSection(SolutionProperties) = preSolution
		HideSolutionNode = FALSE
	EndGlobalSection
	GlobalSection(ExtensibilityGlobals) = postSolution
		SolutionGuid = {9724E936-12BB-4301-8FA2-4B865EEFE04A}
	EndGlobalSection
EndGlobal
