
Microsoft Visual Studio Solution File, Format Version 12.00
# Visual Studio Version 16
VisualStudioVersion = 16.0.29001.49
MinimumVisualStudioVersion = 10.0.40219.1
Project("{FAE04EC0-301F-11D3-BF4B-00C04F79EFBC}") = "mvcApplication", "mvcApplication\mvcApplication.csproj", "{69B86443-10EA-4DD3-BE74-9FC8DA03B50C}"
EndProject
Global
	GlobalSection(SolutionConfigurationPlatforms) = preSolution
		Debug|Any CPU = Debug|Any CPU
		Release|Any CPU = Release|Any CPU
	EndGlobalSection
	GlobalSection(ProjectConfigurationPlatforms) = postSolution
		{69B86443-10EA-4DD3-BE74-9FC8DA03B50C}.Debug|Any CPU.ActiveCfg = Debug|Any CPU
		{69B86443-10EA-4DD3-BE74-9FC8DA03B50C}.Debug|Any CPU.Build.0 = Debug|Any CPU
		{69B86443-10EA-4DD3-BE74-9FC8DA03B50C}.Release|Any CPU.ActiveCfg = Release|Any CPU
		{69B86443-10EA-4DD3-BE74-9FC8DA03B50C}.Release|Any CPU.Build.0 = Release|Any CPU
	EndGlobalSection
	GlobalSection(SolutionProperties) = preSolution
		HideSolutionNode = FALSE
	EndGlobalSection
	GlobalSection(ExtensibilityGlobals) = postSolution
		SolutionGuid = {F81C9DD8-D207-4101-88BC-813A2322A2AB}
	EndGlobalSection
EndGlobal
