
Microsoft Visual Studio Solution File, Format Version 12.00
# Visual Studio Version 16
VisualStudioVersion = 16.0.29001.49
MinimumVisualStudioVersion = 10.0.40219.1
Project("{FAE04EC0-301F-11D3-BF4B-00C04F79EFBC}") = "MVCWebapplication", "MVCWebapplication\MVCWebapplication.csproj", "{BCBD2E30-FF7E-4B97-B16B-C562F4E4E818}"
EndProject
Global
	GlobalSection(SolutionConfigurationPlatforms) = preSolution
		Debug|Any CPU = Debug|Any CPU
		Release|Any CPU = Release|Any CPU
	EndGlobalSection
	GlobalSection(ProjectConfigurationPlatforms) = postSolution
		{BCBD2E30-FF7E-4B97-B16B-C562F4E4E818}.Debug|Any CPU.ActiveCfg = Debug|Any CPU
		{BCBD2E30-FF7E-4B97-B16B-C562F4E4E818}.Debug|Any CPU.Build.0 = Debug|Any CPU
		{BCBD2E30-FF7E-4B97-B16B-C562F4E4E818}.Release|Any CPU.ActiveCfg = Release|Any CPU
		{BCBD2E30-FF7E-4B97-B16B-C562F4E4E818}.Release|Any CPU.Build.0 = Release|Any CPU
	EndGlobalSection
	GlobalSection(SolutionProperties) = preSolution
		HideSolutionNode = FALSE
	EndGlobalSection
	GlobalSection(ExtensibilityGlobals) = postSolution
		SolutionGuid = {2B1CC521-8477-4202-8D90-91727DB36A56}
	EndGlobalSection
EndGlobal
