
Microsoft Visual Studio Solution File, Format Version 12.00
# Visual Studio Version 16
VisualStudioVersion = 16.0.29001.49
MinimumVisualStudioVersion = 10.0.40219.1
Project("{FAE04EC0-301F-11D3-BF4B-00C04F79EFBC}") = "fizzBuzz", "fizzBuzz\fizzBuzz.csproj", "{964B9346-3106-4102-8AAF-7EF3A876B13D}"
EndProject
Global
	GlobalSection(SolutionConfigurationPlatforms) = preSolution
		Debug|Any CPU = Debug|Any CPU
		Release|Any CPU = Release|Any CPU
	EndGlobalSection
	GlobalSection(ProjectConfigurationPlatforms) = postSolution
		{964B9346-3106-4102-8AAF-7EF3A876B13D}.Debug|Any CPU.ActiveCfg = Debug|Any CPU
		{964B9346-3106-4102-8AAF-7EF3A876B13D}.Debug|Any CPU.Build.0 = Debug|Any CPU
		{964B9346-3106-4102-8AAF-7EF3A876B13D}.Release|Any CPU.ActiveCfg = Release|Any CPU
		{964B9346-3106-4102-8AAF-7EF3A876B13D}.Release|Any CPU.Build.0 = Release|Any CPU
	EndGlobalSection
	GlobalSection(SolutionProperties) = preSolution
		HideSolutionNode = FALSE
	EndGlobalSection
	GlobalSection(ExtensibilityGlobals) = postSolution
		SolutionGuid = {F8179072-420E-4BBE-BE45-E137B5281F17}
	EndGlobalSection
EndGlobal
