
Microsoft Visual Studio Solution File, Format Version 12.00
# Visual Studio Version 16
VisualStudioVersion = 16.0.29001.49
MinimumVisualStudioVersion = 10.0.40219.1
Project("{FAE04EC0-301F-11D3-BF4B-00C04F79EFBC}") = "InherentenceAndPoly", "InherentenceAndPoly\InherentenceAndPoly.csproj", "{1579851E-01DE-4A6C-89A3-ADC88CE8B032}"
EndProject
Global
	GlobalSection(SolutionConfigurationPlatforms) = preSolution
		Debug|Any CPU = Debug|Any CPU
		Release|Any CPU = Release|Any CPU
	EndGlobalSection
	GlobalSection(ProjectConfigurationPlatforms) = postSolution
		{1579851E-01DE-4A6C-89A3-ADC88CE8B032}.Debug|Any CPU.ActiveCfg = Debug|Any CPU
		{1579851E-01DE-4A6C-89A3-ADC88CE8B032}.Debug|Any CPU.Build.0 = Debug|Any CPU
		{1579851E-01DE-4A6C-89A3-ADC88CE8B032}.Release|Any CPU.ActiveCfg = Release|Any CPU
		{1579851E-01DE-4A6C-89A3-ADC88CE8B032}.Release|Any CPU.Build.0 = Release|Any CPU
	EndGlobalSection
	GlobalSection(SolutionProperties) = preSolution
		HideSolutionNode = FALSE
	EndGlobalSection
	GlobalSection(ExtensibilityGlobals) = postSolution
		SolutionGuid = {964370E5-99AA-4D2E-A8C6-3D7BEAD02DF6}
	EndGlobalSection
EndGlobal
